
Microsoft Visual Studio Solution File, Format Version 12.00
# Visual Studio 15
VisualStudioVersion = 15.0.28010.2036
MinimumVisualStudioVersion = 10.0.40219.1
Project("{FAE04EC0-301F-11D3-BF4B-00C04F79EFBC}") = "VideoPlayer", "VideoPlayer\VideoPlayer.csproj", "{2203F680-B03B-4FB8-BF70-D96822984A83}"
EndProject
Project("{54435603-DBB4-11D2-8724-00A0C9A8B90C}") = "MediaPlayer Broadcast", "MediaPlayer Broadcast\MediaPlayer Broadcast.vdproj", "{CAD053F7-6E59-45E8-8537-A75FA42C5BD3}"
EndProject
Global
	GlobalSection(SolutionConfigurationPlatforms) = preSolution
		Debug|Any CPU = Debug|Any CPU
		Release|Any CPU = Release|Any CPU
	EndGlobalSection
	GlobalSection(ProjectConfigurationPlatforms) = postSolution
		{2203F680-B03B-4FB8-BF70-D96822984A83}.Debug|Any CPU.ActiveCfg = Debug|Any CPU
		{2203F680-B03B-4FB8-BF70-D96822984A83}.Debug|Any CPU.Build.0 = Debug|Any CPU
		{2203F680-B03B-4FB8-BF70-D96822984A83}.Release|Any CPU.ActiveCfg = Release|Any CPU
		{2203F680-B03B-4FB8-BF70-D96822984A83}.Release|Any CPU.Build.0 = Release|Any CPU
		{CAD053F7-6E59-45E8-8537-A75FA42C5BD3}.Debug|Any CPU.ActiveCfg = Debug
		{CAD053F7-6E59-45E8-8537-A75FA42C5BD3}.Release|Any CPU.ActiveCfg = Release
	EndGlobalSection
	GlobalSection(SolutionProperties) = preSolution
		HideSolutionNode = FALSE
	EndGlobalSection
	GlobalSection(ExtensibilityGlobals) = postSolution
		SolutionGuid = {1FD68DDE-90BF-4121-9D10-B37AD2D95477}
	EndGlobalSection
EndGlobal
